// !$*UTF8*$!
{
	archiveVersion = 1;
	classes = {
	};
	objectVersion = 50;
	objects = {

/* Begin PBXBuildFile section */
		DE41DE5724657E8A0077DA71 /* AppDelegate.swift in Sources */ = {isa = PBXBuildFile; fileRef = DE41DE5624657E8A0077DA71 /* AppDelegate.swift */; };
		DE41DE5924657E8A0077DA71 /* SceneDelegate.swift in Sources */ = {isa = PBXBuildFile; fileRef = DE41DE5824657E8A0077DA71 /* SceneDelegate.swift */; };
		DE41DE5B24657E8A0077DA71 /* ViewController.swift in Sources */ = {isa = PBXBuildFile; fileRef = DE41DE5A24657E8A0077DA71 /* ViewController.swift */; };
		DE41DE5E24657E8A0077DA71 /* Main.storyboard in Resources */ = {isa = PBXBuildFile; fileRef = DE41DE5C24657E8A0077DA71 /* Main.storyboard */; };
		DE41DE6024657E8C0077DA71 /* Assets.xcassets in Resources */ = {isa = PBXBuildFile; fileRef = DE41DE5F24657E8C0077DA71 /* Assets.xcassets */; };
		DE41DE6324657E8C0077DA71 /* LaunchScreen.storyboard in Resources */ = {isa = PBXBuildFile; fileRef = DE41DE6124657E8C0077DA71 /* LaunchScreen.storyboard */; };
		DE41DE6E24657E8C0077DA71 /* SampleProjectTests.swift in Sources */ = {isa = PBXBuildFile; fileRef = DE41DE6D24657E8C0077DA71 /* SampleProjectTests.swift */; };
		DE41DE7924657E8C0077DA71 /* SampleProjectUITests.swift in Sources */ = {isa = PBXBuildFile; fileRef = DE41DE7824657E8C0077DA71 /* SampleProjectUITests.swift */; };
/* End PBXBuildFile section */

/* Begin PBXContainerItemProxy section */
		DE41DE6A24657E8C0077DA71 /* PBXContainerItemProxy */ = {
			isa = PBXContainerItemProxy;
			containerPortal = DE41DE4B24657E8A0077DA71 /* Project object */;
			proxyType = 1;
			remoteGlobalIDString = DE41DE5224657E8A0077DA71;
			remoteInfo = SampleProject;
		};
		DE41DE7524657E8C0077DA71 /* PBXContainerItemProxy */ = {
			isa = PBXContainerItemProxy;
			containerPortal = DE41DE4B24657E8A0077DA71 /* Project object */;
			proxyType = 1;
			remoteGlobalIDString = DE41DE5224657E8A0077DA71;
			remoteInfo = SampleProject;
		};
/* End PBXContainerItemProxy section */

/* Begin PBXFileReference section */
		DE41DE5324657E8A0077DA71 /* SampleProject.app */ = {isa = PBXFileReference; explicitFileType = wrapper.application; includeInIndex = 0; path = SampleProject.app; sourceTree = BUILT_PRODUCTS_DIR; };
		DE41DE5624657E8A0077DA71 /* AppDelegate.swift */ = {isa = PBXFileReference; lastKnownFileType = sourcecode.swift; path = AppDelegate.swift; sourceTree = "<group>"; };
		DE41DE5824657E8A0077DA71 /* SceneDelegate.swift */ = {isa = PBXFileReference; lastKnownFileType = sourcecode.swift; path = SceneDelegate.swift; sourceTree = "<group>"; };
		DE41DE5A24657E8A0077DA71 /* ViewController.swift */ = {isa = PBXFileReference; lastKnownFileType = sourcecode.swift; path = ViewController.swift; sourceTree = "<group>"; };
		DE41DE5D24657E8A0077DA71 /* Base */ = {isa = PBXFileReference; lastKnownFileType = file.storyboard; name = Base; path = Base.lproj/Main.storyboard; sourceTree = "<group>"; };
		DE41DE5F24657E8C0077DA71 /* Assets.xcassets */ = {isa = PBXFileReference; lastKnownFileType = folder.assetcatalog; path = Assets.xcassets; sourceTree = "<group>"; };
		DE41DE6224657E8C0077DA71 /* Base */ = {isa = PBXFileReference; lastKnownFileType = file.storyboard; name = Base; path = Base.lproj/LaunchScreen.storyboard; sourceTree = "<group>"; };
		DE41DE6424657E8C0077DA71 /* Info.plist */ = {isa = PBXFileReference; lastKnownFileType = text.plist.xml; path = Info.plist; sourceTree = "<group>"; };
		DE41DE6924657E8C0077DA71 /* SampleProjectTests.xctest */ = {isa = PBXFileReference; explicitFileType = wrapper.cfbundle; includeInIndex = 0; path = SampleProjectTests.xctest; sourceTree = BUILT_PRODUCTS_DIR; };
		DE41DE6D24657E8C0077DA71 /* SampleProjectTests.swift */ = {isa = PBXFileReference; lastKnownFileType = sourcecode.swift; path = SampleProjectTests.swift; sourceTree = "<group>"; };
		DE41DE6F24657E8C0077DA71 /* Info.plist */ = {isa = PBXFileReference; lastKnownFileType = text.plist.xml; path = Info.plist; sourceTree = "<group>"; };
		DE41DE7424657E8C0077DA71 /* SampleProjectUITests.xctest */ = {isa = PBXFileReference; explicitFileType = wrapper.cfbundle; includeInIndex = 0; path = SampleProjectUITests.xctest; sourceTree = BUILT_PRODUCTS_DIR; };
		DE41DE7824657E8C0077DA71 /* SampleProjectUITests.swift */ = {isa = PBXFileReference; lastKnownFileType = sourcecode.swift; path = SampleProjectUITests.swift; sourceTree = "<group>"; };
		DE41DE7A24657E8C0077DA71 /* Info.plist */ = {isa = PBXFileReference; lastKnownFileType = text.plist.xml; path = Info.plist; sourceTree = "<group>"; };
/* End PBXFileReference section */

/* Begin PBXFrameworksBuildPhase section */
		DE41DE5024657E8A0077DA71 /* Frameworks */ = {
			isa = PBXFrameworksBuildPhase;
			buildActionMask = 2147483647;
			files = (
			);
			runOnlyForDeploymentPostprocessing = 0;
		};
		DE41DE6624657E8C0077DA71 /* Frameworks */ = {
			isa = PBXFrameworksBuildPhase;
			buildActionMask = 2147483647;
			files = (
			);
			runOnlyForDeploymentPostprocessing = 0;
		};
		DE41DE7124657E8C0077DA71 /* Frameworks */ = {
			isa = PBXFrameworksBuildPhase;
			buildActionMask = 2147483647;
			files = (
			);
			runOnlyForDeploymentPostprocessing = 0;
		};
/* End PBXFrameworksBuildPhase section */

/* Begin PBXGroup section */
		DE41DE4A24657E8A0077DA71 = {
			isa = PBXGroup;
			children = (
				DE41DE5524657E8A0077DA71 /* SampleProject */,
				DE41DE6C24657E8C0077DA71 /* SampleProjectTests */,
				DE41DE7724657E8C0077DA71 /* SampleProjectUITests */,
				DE41DE5424657E8A0077DA71 /* Products */,
			);
			sourceTree = "<group>";
		};
		DE41DE5424657E8A0077DA71 /* Products */ = {
			isa = PBXGroup;
			children = (
				DE41DE5324657E8A0077DA71 /* SampleProject.app */,
				DE41DE6924657E8C0077DA71 /* SampleProjectTests.xctest */,
				DE41DE7424657E8C0077DA71 /* SampleProjectUITests.xctest */,
			);
			name = Products;
			sourceTree = "<group>";
		};
		DE41DE5524657E8A0077DA71 /* SampleProject */ = {
			isa = PBXGroup;
			children = (
				DE41DE5624657E8A0077DA71 /* AppDelegate.swift */,
				DE41DE5824657E8A0077DA71 /* SceneDelegate.swift */,
				DE41DE5A24657E8A0077DA71 /* ViewController.swift */,
				DE41DE5C24657E8A0077DA71 /* Main.storyboard */,
				DE41DE5F24657E8C0077DA71 /* Assets.xcassets */,
				DE41DE6124657E8C0077DA71 /* LaunchScreen.storyboard */,
				DE41DE6424657E8C0077DA71 /* Info.plist */,
			);
			path = SampleProject;
			sourceTree = "<group>";
		};
		DE41DE6C24657E8C0077DA71 /* SampleProjectTests */ = {
			isa = PBXGroup;
			children = (
				DE41DE6D24657E8C0077DA71 /* SampleProjectTests.swift */,
				DE41DE6F24657E8C0077DA71 /* Info.plist */,
			);
			path = SampleProjectTests;
			sourceTree = "<group>";
		};
		DE41DE7724657E8C0077DA71 /* SampleProjectUITests */ = {
			isa = PBXGroup;
			children = (
				DE41DE7824657E8C0077DA71 /* SampleProjectUITests.swift */,
				DE41DE7A24657E8C0077DA71 /* Info.plist */,
			);
			path = SampleProjectUITests;
			sourceTree = "<group>";
		};
/* End PBXGroup section */

/* Begin PBXNativeTarget section */
		DE41DE5224657E8A0077DA71 /* SampleProject */ = {
			isa = PBXNativeTarget;
			buildConfigurationList = DE41DE7D24657E8C0077DA71 /* Build configuration list for PBXNativeTarget "SampleProject" */;
			buildPhases = (
				DE41DE4F24657E8A0077DA71 /* Sources */,
				DE41DE5024657E8A0077DA71 /* Frameworks */,
				DE41DE5124657E8A0077DA71 /* Resources */,
			);
			buildRules = (
			);
			dependencies = (
			);
			name = SampleProject;
			productName = SampleProject;
			productReference = DE41DE5324657E8A0077DA71 /* SampleProject.app */;
			productType = "com.apple.product-type.application";
		};
		DE41DE6824657E8C0077DA71 /* SampleProjectTests */ = {
			isa = PBXNativeTarget;
			buildConfigurationList = DE41DE8024657E8C0077DA71 /* Build configuration list for PBXNativeTarget "SampleProjectTests" */;
			buildPhases = (
				DE41DE6524657E8C0077DA71 /* Sources */,
				DE41DE6624657E8C0077DA71 /* Frameworks */,
				DE41DE6724657E8C0077DA71 /* Resources */,
			);
			buildRules = (
			);
			dependencies = (
				DE41DE6B24657E8C0077DA71 /* PBXTargetDependency */,
			);
			name = SampleProjectTests;
			productName = SampleProjectTests;
			productReference = DE41DE6924657E8C0077DA71 /* SampleProjectTests.xctest */;
			productType = "com.apple.product-type.bundle.unit-test";
		};
		DE41DE7324657E8C0077DA71 /* SampleProjectUITests */ = {
			isa = PBXNativeTarget;
			buildConfigurationList = DE41DE8324657E8C0077DA71 /* Build configuration list for PBXNativeTarget "SampleProjectUITests" */;
			buildPhases = (
				DE41DE7024657E8C0077DA71 /* Sources */,
				DE41DE7124657E8C0077DA71 /* Frameworks */,
				DE41DE7224657E8C0077DA71 /* Resources */,
			);
			buildRules = (
			);
			dependencies = (
				DE41DE7624657E8C0077DA71 /* PBXTargetDependency */,
			);
			name = SampleProjectUITests;
			productName = SampleProjectUITests;
			productReference = DE41DE7424657E8C0077DA71 /* SampleProjectUITests.xctest */;
			productType = "com.apple.product-type.bundle.ui-testing";
		};
/* End PBXNativeTarget section */

/* Begin PBXProject section */
		DE41DE4B24657E8A0077DA71 /* Project object */ = {
			isa = PBXProject;
			attributes = {
				LastSwiftUpdateCheck = 1140;
				LastUpgradeCheck = 1140;
				ORGANIZATIONNAME = Herised;
				TargetAttributes = {
					DE41DE5224657E8A0077DA71 = {
						CreatedOnToolsVersion = 11.4.1;
					};
					DE41DE6824657E8C0077DA71 = {
						CreatedOnToolsVersion = 11.4.1;
						TestTargetID = DE41DE5224657E8A0077DA71;
					};
					DE41DE7324657E8C0077DA71 = {
						CreatedOnToolsVersion = 11.4.1;
						TestTargetID = DE41DE5224657E8A0077DA71;
					};
				};
			};
			buildConfigurationList = DE41DE4E24657E8A0077DA71 /* Build configuration list for PBXProject "SampleProject" */;
			compatibilityVersion = "Xcode 9.3";
			developmentRegion = en;
			hasScannedForEncodings = 0;
			knownRegions = (
				en,
				Base,
			);
			mainGroup = DE41DE4A24657E8A0077DA71;
			productRefGroup = DE41DE5424657E8A0077DA71 /* Products */;
			projectDirPath = "";
			projectRoot = "";
			targets = (
				DE41DE5224657E8A0077DA71 /* SampleProject */,
				DE41DE6824657E8C0077DA71 /* SampleProjectTests */,
				DE41DE7324657E8C0077DA71 /* SampleProjectUITests */,
			);
		};
/* End PBXProject section */

/* Begin PBXResourcesBuildPhase section */
		DE41DE5124657E8A0077DA71 /* Resources */ = {
			isa = PBXResourcesBuildPhase;
			buildActionMask = 2147483647;
			files = (
				DE41DE6324657E8C0077DA71 /* LaunchScreen.storyboard in Resources */,
				DE41DE6024657E8C0077DA71 /* Assets.xcassets in Resources */,
				DE41DE5E24657E8A0077DA71 /* Main.storyboard in Resources */,
			);
			runOnlyForDeploymentPostprocessing = 0;
		};
		DE41DE6724657E8C0077DA71 /* Resources */ = {
			isa = PBXResourcesBuildPhase;
			buildActionMask = 2147483647;
			files = (
			);
			runOnlyForDeploymentPostprocessing = 0;
		};
		DE41DE7224657E8C0077DA71 /* Resources */ = {
			isa = PBXResourcesBuildPhase;
			buildActionMask = 2147483647;
			files = (
			);
			runOnlyForDeploymentPostprocessing = 0;
		};
/* End PBXResourcesBuildPhase section */

/* Begin PBXSourcesBuildPhase section */
		DE41DE4F24657E8A0077DA71 /* Sources */ = {
			isa = PBXSourcesBuildPhase;
			buildActionMask = 2147483647;
			files = (
				DE41DE5B24657E8A0077DA71 /* ViewController.swift in Sources */,
				DE41DE5724657E8A0077DA71 /* AppDelegate.swift in Sources */,
				DE41DE5924657E8A0077DA71 /* SceneDelegate.swift in Sources */,
			);
			runOnlyForDeploymentPostprocessing = 0;
		};
		DE41DE6524657E8C0077DA71 /* Sources */ = {
			isa = PBXSourcesBuildPhase;
			buildActionMask = 2147483647;
			files = (
				DE41DE6E24657E8C0077DA71 /* SampleProjectTests.swift in Sources */,
			);
			runOnlyForDeploymentPostprocessing = 0;
		};
		DE41DE7024657E8C0077DA71 /* Sources */ = {
			isa = PBXSourcesBuildPhase;
			buildActionMask = 2147483647;
			files = (
				DE41DE7924657E8C0077DA71 /* SampleProjectUITests.swift in Sources */,
			);
			runOnlyForDeploymentPostprocessing = 0;
		};
/* End PBXSourcesBuildPhase section */

/* Begin PBXTargetDependency section */
		DE41DE6B24657E8C0077DA71 /* PBXTargetDependency */ = {
			isa = PBXTargetDependency;
			target = DE41DE5224657E8A0077DA71 /* SampleProject */;
			targetProxy = DE41DE6A24657E8C0077DA71 /* PBXContainerItemProxy */;
		};
		DE41DE7624657E8C0077DA71 /* PBXTargetDependency */ = {
			isa = PBXTargetDependency;
			target = DE41DE5224657E8A0077DA71 /* SampleProject */;
			targetProxy = DE41DE7524657E8C0077DA71 /* PBXContainerItemProxy */;
		};
/* End PBXTargetDependency section */

/* Begin PBXVariantGroup section */
		DE41DE5C24657E8A0077DA71 /* Main.storyboard */ = {
			isa = PBXVariantGroup;
			children = (
				DE41DE5D24657E8A0077DA71 /* Base */,
			);
			name = Main.storyboard;
			sourceTree = "<group>";
		};
		DE41DE6124657E8C0077DA71 /* LaunchScreen.storyboard */ = {
			isa = PBXVariantGroup;
			children = (
				DE41DE6224657E8C0077DA71 /* Base */,
			);
			name = LaunchScreen.storyboard;
			sourceTree = "<group>";
		};
/* End PBXVariantGroup section */

/* Begin XCBuildConfiguration section */
		DE41DE7B24657E8C0077DA71 /* Debug */ = {
			isa = XCBuildConfiguration;
			buildSettings = {
				ALWAYS_SEARCH_USER_PATHS = NO;
				CLANG_ANALYZER_NONNULL = YES;
				CLANG_ANALYZER_NUMBER_OBJECT_CONVERSION = YES_AGGRESSIVE;
				CLANG_CXX_LANGUAGE_STANDARD = "gnu++14";
				CLANG_CXX_LIBRARY = "libc++";
				CLANG_ENABLE_MODULES = YES;
				CLANG_ENABLE_OBJC_ARC = YES;
				CLANG_ENABLE_OBJC_WEAK = YES;
				CLANG_WARN_BLOCK_CAPTURE_AUTORELEASING = YES;
				CLANG_WARN_BOOL_CONVERSION = YES;
				CLANG_WARN_COMMA = YES;
				CLANG_WARN_CONSTANT_CONVERSION = YES;
				CLANG_WARN_DEPRECATED_OBJC_IMPLEMENTATIONS = YES;
				CLANG_WARN_DIRECT_OBJC_ISA_USAGE = YES_ERROR;
				CLANG_WARN_DOCUMENTATION_COMMENTS = YES;
				CLANG_WARN_EMPTY_BODY = YES;
				CLANG_WARN_ENUM_CONVERSION = YES;
				CLANG_WARN_INFINITE_RECURSION = YES;
				CLANG_WARN_INT_CONVERSION = YES;
				CLANG_WARN_NON_LITERAL_NULL_CONVERSION = YES;
				CLANG_WARN_OBJC_IMPLICIT_RETAIN_SELF = YES;
				CLANG_WARN_OBJC_LITERAL_CONVERSION = YES;
				CLANG_WARN_OBJC_ROOT_CLASS = YES_ERROR;
				CLANG_WARN_RANGE_LOOP_ANALYSIS = YES;
				CLANG_WARN_STRICT_PROTOTYPES = YES;
				CLANG_WARN_SUSPICIOUS_MOVE = YES;
				CLANG_WARN_UNGUARDED_AVAILABILITY = YES_AGGRESSIVE;
				CLANG_WARN_UNREACHABLE_CODE = YES;
				CLANG_WARN__DUPLICATE_METHOD_MATCH = YES;
				COPY_PHASE_STRIP = NO;
				DEBUG_INFORMATION_FORMAT = dwarf;
				ENABLE_STRICT_OBJC_MSGSEND = YES;
				ENABLE_TESTABILITY = YES;
				GCC_C_LANGUAGE_STANDARD = gnu11;
				GCC_DYNAMIC_NO_PIC = NO;
				GCC_NO_COMMON_BLOCKS = YES;
				GCC_OPTIMIZATION_LEVEL = 0;
				GCC_PREPROCESSOR_DEFINITIONS = (
					"DEBUG=1",
					"$(inherited)",
				);
				GCC_WARN_64_TO_32_BIT_CONVERSION = YES;
				GCC_WARN_ABOUT_RETURN_TYPE = YES_ERROR;
				GCC_WARN_UNDECLARED_SELECTOR = YES;
				GCC_WARN_UNINITIALIZED_AUTOS = YES_AGGRESSIVE;
				GCC_WARN_UNUSED_FUNCTION = YES;
				GCC_WARN_UNUSED_VARIABLE = YES;
				IPHONEOS_DEPLOYMENT_TARGET = 13.4;
				MTL_ENABLE_DEBUG_INFO = INCLUDE_SOURCE;
				MTL_FAST_MATH = YES;
				ONLY_ACTIVE_ARCH = YES;
				SDKROOT = iphoneos;
				SWIFT_ACTIVE_COMPILATION_CONDITIONS = DEBUG;
				SWIFT_OPTIMIZATION_LEVEL = "-Onone";
			};
			name = Debug;
		};
		DE41DE7C24657E8C0077DA71 /* Release */ = {
			isa = XCBuildConfiguration;
			buildSettings = {
				ALWAYS_SEARCH_USER_PATHS = NO;
				CLANG_ANALYZER_NONNULL = YES;
				CLANG_ANALYZER_NUMBER_OBJECT_CONVERSION = YES_AGGRESSIVE;
				CLANG_CXX_LANGUAGE_STANDARD = "gnu++14";
				CLANG_CXX_LIBRARY = "libc++";
				CLANG_ENABLE_MODULES = YES;
				CLANG_ENABLE_OBJC_ARC = YES;
				CLANG_ENABLE_OBJC_WEAK = YES;
				CLANG_WARN_BLOCK_CAPTURE_AUTORELEASING = YES;
				CLANG_WARN_BOOL_CONVERSION = YES;
				CLANG_WARN_COMMA = YES;
				CLANG_WARN_CONSTANT_CONVERSION = YES;
				CLANG_WARN_DEPRECATED_OBJC_IMPLEMENTATIONS = YES;
				CLANG_WARN_DIRECT_OBJC_ISA_USAGE = YES_ERROR;
				CLANG_WARN_DOCUMENTATION_COMMENTS = YES;
				CLANG_WARN_EMPTY_BODY = YES;
				CLANG_WARN_ENUM_CONVERSION = YES;
				CLANG_WARN_INFINITE_RECURSION = YES;
				CLANG_WARN_INT_CONVERSION = YES;
				CLANG_WARN_NON_LITERAL_NULL_CONVERSION = YES;
				CLANG_WARN_OBJC_IMPLICIT_RETAIN_SELF = YES;
				CLANG_WARN_OBJC_LITERAL_CONVERSION = YES;
				CLANG_WARN_OBJC_ROOT_CLASS = YES_ERROR;
				CLANG_WARN_RANGE_LOOP_ANALYSIS = YES;
				CLANG_WARN_STRICT_PROTOTYPES = YES;
				CLANG_WARN_SUSPICIOUS_MOVE = YES;
				CLANG_WARN_UNGUARDED_AVAILABILITY = YES_AGGRESSIVE;
				CLANG_WARN_UNREACHABLE_CODE = YES;
				CLANG_WARN__DUPLICATE_METHOD_MATCH = YES;
				COPY_PHASE_STRIP = NO;
				DEBUG_INFORMATION_FORMAT = "dwarf-with-dsym";
				ENABLE_NS_ASSERTIONS = NO;
				ENABLE_STRICT_OBJC_MSGSEND = YES;
				GCC_C_LANGUAGE_STANDARD = gnu11;
				GCC_NO_COMMON_BLOCKS = YES;
				GCC_WARN_64_TO_32_BIT_CONVERSION = YES;
				GCC_WARN_ABOUT_RETURN_TYPE = YES_ERROR;
				GCC_WARN_UNDECLARED_SELECTOR = YES;
				GCC_WARN_UNINITIALIZED_AUTOS = YES_AGGRESSIVE;
				GCC_WARN_UNUSED_FUNCTION = YES;
				GCC_WARN_UNUSED_VARIABLE = YES;
				IPHONEOS_DEPLOYMENT_TARGET = 13.4;
				MTL_ENABLE_DEBUG_INFO = NO;
				MTL_FAST_MATH = YES;
				SDKROOT = iphoneos;
				SWIFT_COMPILATION_MODE = wholemodule;
				SWIFT_OPTIMIZATION_LEVEL = "-O";
				VALIDATE_PRODUCT = YES;
			};
			name = Release;
		};
		DE41DE7E24657E8C0077DA71 /* Debug */ = {
			isa = XCBuildConfiguration;
			buildSettings = {
				ASSETCATALOG_COMPILER_APPICON_NAME = AppIcon;
				CODE_SIGN_STYLE = Automatic;
				DEVELOPMENT_TEAM = Y6C4X7SSH4;
				INFOPLIST_FILE = SampleProject/Info.plist;
				LD_RUNPATH_SEARCH_PATHS = (
					"$(inherited)",
					"@executable_path/Frameworks",
				);
				PRODUCT_BUNDLE_IDENTIFIER = com.herised.SampleProject;
				PRODUCT_NAME = "$(TARGET_NAME)";
				SWIFT_VERSION = 5.0;
				TARGETED_DEVICE_FAMILY = "1,2";
			};
			name = Debug;
		};
		DE41DE7F24657E8C0077DA71 /* Release */ = {
			isa = XCBuildConfiguration;
			buildSettings = {
				ASSETCATALOG_COMPILER_APPICON_NAME = AppIcon;
				CODE_SIGN_STYLE = Automatic;
				DEVELOPMENT_TEAM = Y6C4X7SSH4;
				INFOPLIST_FILE = SampleProject/Info.plist;
				LD_RUNPATH_SEARCH_PATHS = (
					"$(inherited)",
					"@executable_path/Frameworks",
				);
				PRODUCT_BUNDLE_IDENTIFIER = com.herised.SampleProject;
				PRODUCT_NAME = "$(TARGET_NAME)";
				SWIFT_VERSION = 5.0;
				TARGETED_DEVICE_FAMILY = "1,2";
			};
			name = Release;
		};
		DE41DE8124657E8C0077DA71 /* Debug */ = {
			isa = XCBuildConfiguration;
			buildSettings = {
				ALWAYS_EMBED_SWIFT_STANDARD_LIBRARIES = YES;
				BUNDLE_LOADER = "$(TEST_HOST)";
				CODE_SIGN_STYLE = Automatic;
				DEVELOPMENT_TEAM = Y6C4X7SSH4;
				INFOPLIST_FILE = SampleProjectTests/Info.plist;
				IPHONEOS_DEPLOYMENT_TARGET = 13.4;
				LD_RUNPATH_SEARCH_PATHS = (
					"$(inherited)",
					"@executable_path/Frameworks",
					"@loader_path/Frameworks",
				);
				PRODUCT_BUNDLE_IDENTIFIER = com.herised.SampleProjectTests;
				PRODUCT_NAME = "$(TARGET_NAME)";
				SWIFT_VERSION = 5.0;
				TARGETED_DEVICE_FAMILY = "1,2";
				TEST_HOST = "$(BUILT_PRODUCTS_DIR)/SampleProject.app/SampleProject";
			};
			name = Debug;
		};
		DE41DE8224657E8C0077DA71 /* Release */ = {
			isa = XCBuildConfiguration;
			buildSettings = {
				ALWAYS_EMBED_SWIFT_STANDARD_LIBRARIES = YES;
				BUNDLE_LOADER = "$(TEST_HOST)";
				CODE_SIGN_STYLE = Automatic;
				DEVELOPMENT_TEAM = Y6C4X7SSH4;
				INFOPLIST_FILE = SampleProjectTests/Info.plist;
				IPHONEOS_DEPLOYMENT_TARGET = 13.4;
				LD_RUNPATH_SEARCH_PATHS = (
					"$(inherited)",
					"@executable_path/Frameworks",
					"@loader_path/Frameworks",
				);
				PRODUCT_BUNDLE_IDENTIFIER = com.herised.SampleProjectTests;
				PRODUCT_NAME = "$(TARGET_NAME)";
				SWIFT_VERSION = 5.0;
				TARGETED_DEVICE_FAMILY = "1,2";
				TEST_HOST = "$(BUILT_PRODUCTS_DIR)/SampleProject.app/SampleProject";
			};
			name = Release;
		};
		DE41DE8424657E8C0077DA71 /* Debug */ = {
			isa = XCBuildConfiguration;
			buildSettings = {
				ALWAYS_EMBED_SWIFT_STANDARD_LIBRARIES = YES;
				CODE_SIGN_STYLE = Automatic;
				DEVELOPMENT_TEAM = Y6C4X7SSH4;
				INFOPLIST_FILE = SampleProjectUITests/Info.plist;
				LD_RUNPATH_SEARCH_PATHS = (
					"$(inherited)",
					"@executable_path/Frameworks",
					"@loader_path/Frameworks",
				);
				PRODUCT_BUNDLE_IDENTIFIER = com.herised.SampleProjectUITests;
				PRODUCT_NAME = "$(TARGET_NAME)";
				SWIFT_VERSION = 5.0;
				TARGETED_DEVICE_FAMILY = "1,2";
				TEST_TARGET_NAME = SampleProject;
			};
			name = Debug;
		};
		DE41DE8524657E8C0077DA71 /* Release */ = {
			isa = XCBuildConfiguration;
			buildSettings = {
				ALWAYS_EMBED_SWIFT_STANDARD_LIBRARIES = YES;
				CODE_SIGN_STYLE = Automatic;
				DEVELOPMENT_TEAM = Y6C4X7SSH4;
				INFOPLIST_FILE = SampleProjectUITests/Info.plist;
				LD_RUNPATH_SEARCH_PATHS = (
					"$(inherited)",
					"@executable_path/Frameworks",
					"@loader_path/Frameworks",
				);
				PRODUCT_BUNDLE_IDENTIFIER = com.herised.SampleProjectUITests;
				PRODUCT_NAME = "$(TARGET_NAME)";
				SWIFT_VERSION = 5.0;
				TARGETED_DEVICE_FAMILY = "1,2";
				TEST_TARGET_NAME = SampleProject;
			};
			name = Release;
		};
/* End XCBuildConfiguration section */

/* Begin XCConfigurationList section */
		DE41DE4E24657E8A0077DA71 /* Build configuration list for PBXProject "SampleProject" */ = {
			isa = XCConfigurationList;
			buildConfigurations = (
				DE41DE7B24657E8C0077DA71 /* Debug */,
				DE41DE7C24657E8C0077DA71 /* Release */,
			);
			defaultConfigurationIsVisible = 0;
			defaultConfigurationName = Release;
		};
		DE41DE7D24657E8C0077DA71 /* Build configuration list for PBXNativeTarget "SampleProject" */ = {
			isa = XCConfigurationList;
			buildConfigurations = (
				DE41DE7E24657E8C0077DA71 /* Debug */,
				DE41DE7F24657E8C0077DA71 /* Release */,
			);
			defaultConfigurationIsVisible = 0;
			defaultConfigurationName = Release;
		};
		DE41DE8024657E8C0077DA71 /* Build configuration list for PBXNativeTarget "SampleProjectTests" */ = {
			isa = XCConfigurationList;
			buildConfigurations = (
				DE41DE8124657E8C0077DA71 /* Debug */,
				DE41DE8224657E8C0077DA71 /* Release */,
			);
			defaultConfigurationIsVisible = 0;
			defaultConfigurationName = Release;
		};
		DE41DE8324657E8C0077DA71 /* Build configuration list for PBXNativeTarget "SampleProjectUITests" */ = {
			isa = XCConfigurationList;
			buildConfigurations = (
				DE41DE8424657E8C0077DA71 /* Debug */,
				DE41DE8524657E8C0077DA71 /* Release */,
			);
			defaultConfigurationIsVisible = 0;
			defaultConfigurationName = Release;
		};
/* End XCConfigurationList section */
	};
	rootObject = DE41DE4B24657E8A0077DA71 /* Project object */;
}
